
Microsoft Visual Studio Solution File, Format Version 12.00
# Visual Studio Version 16
VisualStudioVersion = 16.0.29020.237
MinimumVisualStudioVersion = 10.0.40219.1
Project("{2150E333-8FDC-42A3-9474-1A3956D46DE8}") = "src", "src", "{932D8224-11F6-4D07-B109-DA28AD288A63}"
EndProject
Project("{2150E333-8FDC-42A3-9474-1A3956D46DE8}") = "services", "services", "{A7C44FFE-4A53-1F64-1936-BDCA7027567E}"
EndProject
Project("{2150E333-8FDC-42A3-9474-1A3956D46DE8}") = "cap", "cap", "{2185B516-33B0-9FBD-41A3-C299030C0E4E}"
EndProject
Project("{2150E333-8FDC-42A3-9474-1A3956D46DE8}") = "Ordering", "Ordering", "{2D88DF5B-7967-3430-8116-C81754F99CF7}"
EndProject
Project("{2150E333-8FDC-42A3-9474-1A3956D46DE8}") = "tests", "tests", "{A857AD10-40FF-4303-BEC2-FF1C58D5735E}"
EndProject
Project("{9A19103F-16F7-4668-BE54-9A1E7A4F7556}") = "DotNetCore.CAP", "src\cap\DotNetCore.CAP\DotNetCore.CAP.csproj", "{0B098FC2-65A4-4550-BE6D-32C0EF2E0083}"
EndProject
Project("{9A19103F-16F7-4668-BE54-9A1E7A4F7556}") = "DotNetCore.CAP.InMemoryStorage", "src\cap\DotNetCore.CAP.InMemoryStorage\DotNetCore.CAP.InMemoryStorage.csproj", "{FE7AD045-076E-4A24-A2C9-9C8C942BF03C}"
EndProject
Project("{9A19103F-16F7-4668-BE54-9A1E7A4F7556}") = "DotNetCore.CAP.RabbitMQ", "src\cap\DotNetCore.CAP.RabbitMQ\DotNetCore.CAP.RabbitMQ.csproj", "{D83BD24A-8E98-46EA-8988-A2FF20B9B0C2}"
EndProject
Project("{9A19103F-16F7-4668-BE54-9A1E7A4F7556}") = "DotNetCore.CAP.SqlServer", "src\cap\DotNetCore.CAP.SqlServer\DotNetCore.CAP.SqlServer.csproj", "{8D0BCAF9-C701-4115-8394-4397745A9A11}"
EndProject
Project("{9A19103F-16F7-4668-BE54-9A1E7A4F7556}") = "Ordering.Api", "src\services\Ordering\Ordering.Api\Ordering.Api.csproj", "{EEF56B76-FF48-4287-AA5F-D1AAB1B9F71B}"
EndProject
Project("{9A19103F-16F7-4668-BE54-9A1E7A4F7556}") = "Ordering.Application", "src\services\Ordering\Ordering.Application\Ordering.Application.csproj", "{7B1ED2CE-52E2-44E9-859D-84CBC349330A}"
EndProject
Project("{9A19103F-16F7-4668-BE54-9A1E7A4F7556}") = "Ordering.Domain", "src\services\Ordering\Ordering.Domain\Ordering.Domain.csproj", "{0021CD04-7405-4A09-8F13-8012D1DE979E}"
EndProject
Project("{9A19103F-16F7-4668-BE54-9A1E7A4F7556}") = "Ordering.Infrastructure", "src\services\Ordering\Ordering.Infrastructure\Ordering.Infrastructure.csproj", "{EB848C9D-74BB-4E2E-935E-600C3CF7B730}"
EndProject
Project("{9A19103F-16F7-4668-BE54-9A1E7A4F7556}") = "DotNetCore.Infra", "src\services\DotNetCore.Infra\DotNetCore.Infra.csproj", "{0137BDCA-C927-4F03-A863-944C9722332A}"
EndProject
Global
	GlobalSection(SolutionConfigurationPlatforms) = preSolution
		Debug|Any CPU = Debug|Any CPU
		Release|Any CPU = Release|Any CPU
	EndGlobalSection
	GlobalSection(ProjectConfigurationPlatforms) = postSolution
		{0B098FC2-65A4-4550-BE6D-32C0EF2E0083}.Debug|Any CPU.ActiveCfg = Debug|Any CPU
		{0B098FC2-65A4-4550-BE6D-32C0EF2E0083}.Debug|Any CPU.Build.0 = Debug|Any CPU
		{0B098FC2-65A4-4550-BE6D-32C0EF2E0083}.Release|Any CPU.ActiveCfg = Release|Any CPU
		{0B098FC2-65A4-4550-BE6D-32C0EF2E0083}.Release|Any CPU.Build.0 = Release|Any CPU
		{FE7AD045-076E-4A24-A2C9-9C8C942BF03C}.Debug|Any CPU.ActiveCfg = Debug|Any CPU
		{FE7AD045-076E-4A24-A2C9-9C8C942BF03C}.Debug|Any CPU.Build.0 = Debug|Any CPU
		{FE7AD045-076E-4A24-A2C9-9C8C942BF03C}.Release|Any CPU.ActiveCfg = Release|Any CPU
		{FE7AD045-076E-4A24-A2C9-9C8C942BF03C}.Release|Any CPU.Build.0 = Release|Any CPU
		{D83BD24A-8E98-46EA-8988-A2FF20B9B0C2}.Debug|Any CPU.ActiveCfg = Debug|Any CPU
		{D83BD24A-8E98-46EA-8988-A2FF20B9B0C2}.Debug|Any CPU.Build.0 = Debug|Any CPU
		{D83BD24A-8E98-46EA-8988-A2FF20B9B0C2}.Release|Any CPU.ActiveCfg = Release|Any CPU
		{D83BD24A-8E98-46EA-8988-A2FF20B9B0C2}.Release|Any CPU.Build.0 = Release|Any CPU
		{8D0BCAF9-C701-4115-8394-4397745A9A11}.Debug|Any CPU.ActiveCfg = Debug|Any CPU
		{8D0BCAF9-C701-4115-8394-4397745A9A11}.Debug|Any CPU.Build.0 = Debug|Any CPU
		{8D0BCAF9-C701-4115-8394-4397745A9A11}.Release|Any CPU.ActiveCfg = Release|Any CPU
		{8D0BCAF9-C701-4115-8394-4397745A9A11}.Release|Any CPU.Build.0 = Release|Any CPU
		{EEF56B76-FF48-4287-AA5F-D1AAB1B9F71B}.Debug|Any CPU.ActiveCfg = Debug|Any CPU
		{EEF56B76-FF48-4287-AA5F-D1AAB1B9F71B}.Debug|Any CPU.Build.0 = Debug|Any CPU
		{EEF56B76-FF48-4287-AA5F-D1AAB1B9F71B}.Release|Any CPU.ActiveCfg = Release|Any CPU
		{EEF56B76-FF48-4287-AA5F-D1AAB1B9F71B}.Release|Any CPU.Build.0 = Release|Any CPU
		{7B1ED2CE-52E2-44E9-859D-84CBC349330A}.Debug|Any CPU.ActiveCfg = Debug|Any CPU
		{7B1ED2CE-52E2-44E9-859D-84CBC349330A}.Debug|Any CPU.Build.0 = Debug|Any CPU
		{7B1ED2CE-52E2-44E9-859D-84CBC349330A}.Release|Any CPU.ActiveCfg = Release|Any CPU
		{7B1ED2CE-52E2-44E9-859D-84CBC349330A}.Release|Any CPU.Build.0 = Release|Any CPU
		{0021CD04-7405-4A09-8F13-8012D1DE979E}.Debug|Any CPU.ActiveCfg = Debug|Any CPU
		{0021CD04-7405-4A09-8F13-8012D1DE979E}.Debug|Any CPU.Build.0 = Debug|Any CPU
		{0021CD04-7405-4A09-8F13-8012D1DE979E}.Release|Any CPU.ActiveCfg = Release|Any CPU
		{0021CD04-7405-4A09-8F13-8012D1DE979E}.Release|Any CPU.Build.0 = Release|Any CPU
		{EB848C9D-74BB-4E2E-935E-600C3CF7B730}.Debug|Any CPU.ActiveCfg = Debug|Any CPU
		{EB848C9D-74BB-4E2E-935E-600C3CF7B730}.Debug|Any CPU.Build.0 = Debug|Any CPU
		{EB848C9D-74BB-4E2E-935E-600C3CF7B730}.Release|Any CPU.ActiveCfg = Release|Any CPU
		{EB848C9D-74BB-4E2E-935E-600C3CF7B730}.Release|Any CPU.Build.0 = Release|Any CPU
		{0137BDCA-C927-4F03-A863-944C9722332A}.Debug|Any CPU.ActiveCfg = Debug|Any CPU
		{0137BDCA-C927-4F03-A863-944C9722332A}.Debug|Any CPU.Build.0 = Debug|Any CPU
		{0137BDCA-C927-4F03-A863-944C9722332A}.Release|Any CPU.ActiveCfg = Release|Any CPU
		{0137BDCA-C927-4F03-A863-944C9722332A}.Release|Any CPU.Build.0 = Release|Any CPU
	EndGlobalSection
	GlobalSection(SolutionProperties) = preSolution
		HideSolutionNode = FALSE
	EndGlobalSection
	GlobalSection(NestedProjects) = preSolution
		{A7C44FFE-4A53-1F64-1936-BDCA7027567E} = {932D8224-11F6-4D07-B109-DA28AD288A63}
		{2185B516-33B0-9FBD-41A3-C299030C0E4E} = {932D8224-11F6-4D07-B109-DA28AD288A63}
		{2D88DF5B-7967-3430-8116-C81754F99CF7} = {A7C44FFE-4A53-1F64-1936-BDCA7027567E}
		{0B098FC2-65A4-4550-BE6D-32C0EF2E0083} = {2185B516-33B0-9FBD-41A3-C299030C0E4E}
		{FE7AD045-076E-4A24-A2C9-9C8C942BF03C} = {2185B516-33B0-9FBD-41A3-C299030C0E4E}
		{D83BD24A-8E98-46EA-8988-A2FF20B9B0C2} = {2185B516-33B0-9FBD-41A3-C299030C0E4E}
		{8D0BCAF9-C701-4115-8394-4397745A9A11} = {2185B516-33B0-9FBD-41A3-C299030C0E4E}
		{EEF56B76-FF48-4287-AA5F-D1AAB1B9F71B} = {2D88DF5B-7967-3430-8116-C81754F99CF7}
		{7B1ED2CE-52E2-44E9-859D-84CBC349330A} = {2D88DF5B-7967-3430-8116-C81754F99CF7}
		{0021CD04-7405-4A09-8F13-8012D1DE979E} = {2D88DF5B-7967-3430-8116-C81754F99CF7}
		{EB848C9D-74BB-4E2E-935E-600C3CF7B730} = {2D88DF5B-7967-3430-8116-C81754F99CF7}
		{0137BDCA-C927-4F03-A863-944C9722332A} = {A7C44FFE-4A53-1F64-1936-BDCA7027567E}
	EndGlobalSection
	GlobalSection(ExtensibilityGlobals) = postSolution
		SolutionGuid = {25728519-5F0F-4973-8A64-0A81EB4EA8D9}
	EndGlobalSection
EndGlobal
