
Microsoft Visual Studio Solution File, Format Version 12.00
# Visual Studio Version 16
VisualStudioVersion = 16.0.29020.237
MinimumVisualStudioVersion = 10.0.40219.1
Project("{2150E333-8FDC-42A3-9474-1A3956D46DE8}") = "src", "src", "{932D8224-11F6-4D07-B109-DA28AD288A63}"
EndProject
Project("{2150E333-8FDC-42A3-9474-1A3956D46DE8}") = "services", "services", "{91CF7717-08AB-4E65-B10E-0B426F01E2E8}"
EndProject
Project("{2150E333-8FDC-42A3-9474-1A3956D46DE8}") = "Ordering", "Ordering", "{0BD0DB92-2D98-44D9-9AC0-C59186D59B0B}"
EndProject
Project("{2150E333-8FDC-42A3-9474-1A3956D46DE8}") = "Store", "Store", "{F0CED513-0EFE-68AD-69FC-C2D63141B137}"
EndProject
Project("{2150E333-8FDC-42A3-9474-1A3956D46DE8}") = "tests", "tests", "{A857AD10-40FF-4303-BEC2-FF1C58D5735E}"
EndProject
Project("{9A19103F-16F7-4668-BE54-9A1E7A4F7556}") = "Ordering.Api", "src\services\Ordering\Ordering.Api\Ordering.Api.csproj", "{59545A89-A900-4BE5-B680-BA461E0420AB}"
EndProject
Project("{9A19103F-16F7-4668-BE54-9A1E7A4F7556}") = "Ordering.Application", "src\services\Ordering\Ordering.Application\Ordering.Application.csproj", "{234191DC-F774-4E07-AE74-D42609478422}"
EndProject
Project("{9A19103F-16F7-4668-BE54-9A1E7A4F7556}") = "Ordering.Domain", "src\services\Ordering\Ordering.Domain\Ordering.Domain.csproj", "{5DD0D70F-DB0F-46EB-B192-E398CC4E736E}"
EndProject
Project("{9A19103F-16F7-4668-BE54-9A1E7A4F7556}") = "Ordering.DomainService", "src\services\Ordering\Ordering.DomainService\Ordering.DomainService.csproj", "{D997249C-72E5-49CA-8E3C-733379BED59F}"
EndProject
Project("{9A19103F-16F7-4668-BE54-9A1E7A4F7556}") = "Ordering.Infrastructure", "src\services\Ordering\Ordering.Infrastructure\Ordering.Infrastructure.csproj", "{FAAEA390-CB33-4D9C-A11E-0405E4BD9DF8}"
EndProject
Project("{9A19103F-16F7-4668-BE54-9A1E7A4F7556}") = "DotnetCoreInfra", "src\services\DotnetCoreInfra\DotnetCoreInfra.csproj", "{0314819D-96DD-4DD6-9682-58926B650015}"
EndProject
Project("{9A19103F-16F7-4668-BE54-9A1E7A4F7556}") = "Store.Domain", "src\services\Store\Store.Domain\Store.Domain.csproj", "{D51C9C2E-7DAE-4A63-B44B-9295706F8F6C}"
EndProject
Project("{9A19103F-16F7-4668-BE54-9A1E7A4F7556}") = "Store.DomainService", "src\services\Store\Store.DomainService\Store.DomainService.csproj", "{DD41ACFA-F246-4FD2-9B02-BE67490353A4}"
EndProject
Project("{9A19103F-16F7-4668-BE54-9A1E7A4F7556}") = "Store.Infrastructure", "src\services\Store\Store.Infrastructure\Store.Infrastructure.csproj", "{00AC08DC-A61B-43CC-8A8E-9C4DF58E9125}"
EndProject
Project("{9A19103F-16F7-4668-BE54-9A1E7A4F7556}") = "Store.Api", "src\services\Store\Store.Api\Store.Api.csproj", "{BAAEC2B6-0302-45A8-82F6-EEE42EA02BAB}"
EndProject
Project("{9A19103F-16F7-4668-BE54-9A1E7A4F7556}") = "Store.Application", "src\services\Store\Store.Application\Store.Application.csproj", "{05E1986F-ADB7-45DF-823C-204AA963B203}"
EndProject
Global
	GlobalSection(SolutionConfigurationPlatforms) = preSolution
		Debug|Any CPU = Debug|Any CPU
		Release|Any CPU = Release|Any CPU
	EndGlobalSection
	GlobalSection(ProjectConfigurationPlatforms) = postSolution
		{59545A89-A900-4BE5-B680-BA461E0420AB}.Debug|Any CPU.ActiveCfg = Debug|Any CPU
		{59545A89-A900-4BE5-B680-BA461E0420AB}.Debug|Any CPU.Build.0 = Debug|Any CPU
		{59545A89-A900-4BE5-B680-BA461E0420AB}.Release|Any CPU.ActiveCfg = Release|Any CPU
		{59545A89-A900-4BE5-B680-BA461E0420AB}.Release|Any CPU.Build.0 = Release|Any CPU
		{234191DC-F774-4E07-AE74-D42609478422}.Debug|Any CPU.ActiveCfg = Debug|Any CPU
		{234191DC-F774-4E07-AE74-D42609478422}.Debug|Any CPU.Build.0 = Debug|Any CPU
		{234191DC-F774-4E07-AE74-D42609478422}.Release|Any CPU.ActiveCfg = Release|Any CPU
		{234191DC-F774-4E07-AE74-D42609478422}.Release|Any CPU.Build.0 = Release|Any CPU
		{5DD0D70F-DB0F-46EB-B192-E398CC4E736E}.Debug|Any CPU.ActiveCfg = Debug|Any CPU
		{5DD0D70F-DB0F-46EB-B192-E398CC4E736E}.Debug|Any CPU.Build.0 = Debug|Any CPU
		{5DD0D70F-DB0F-46EB-B192-E398CC4E736E}.Release|Any CPU.ActiveCfg = Release|Any CPU
		{5DD0D70F-DB0F-46EB-B192-E398CC4E736E}.Release|Any CPU.Build.0 = Release|Any CPU
		{D997249C-72E5-49CA-8E3C-733379BED59F}.Debug|Any CPU.ActiveCfg = Debug|Any CPU
		{D997249C-72E5-49CA-8E3C-733379BED59F}.Debug|Any CPU.Build.0 = Debug|Any CPU
		{D997249C-72E5-49CA-8E3C-733379BED59F}.Release|Any CPU.ActiveCfg = Release|Any CPU
		{D997249C-72E5-49CA-8E3C-733379BED59F}.Release|Any CPU.Build.0 = Release|Any CPU
		{FAAEA390-CB33-4D9C-A11E-0405E4BD9DF8}.Debug|Any CPU.ActiveCfg = Debug|Any CPU
		{FAAEA390-CB33-4D9C-A11E-0405E4BD9DF8}.Debug|Any CPU.Build.0 = Debug|Any CPU
		{FAAEA390-CB33-4D9C-A11E-0405E4BD9DF8}.Release|Any CPU.ActiveCfg = Release|Any CPU
		{FAAEA390-CB33-4D9C-A11E-0405E4BD9DF8}.Release|Any CPU.Build.0 = Release|Any CPU
		{0314819D-96DD-4DD6-9682-58926B650015}.Debug|Any CPU.ActiveCfg = Debug|Any CPU
		{0314819D-96DD-4DD6-9682-58926B650015}.Debug|Any CPU.Build.0 = Debug|Any CPU
		{0314819D-96DD-4DD6-9682-58926B650015}.Release|Any CPU.ActiveCfg = Release|Any CPU
		{0314819D-96DD-4DD6-9682-58926B650015}.Release|Any CPU.Build.0 = Release|Any CPU
		{D51C9C2E-7DAE-4A63-B44B-9295706F8F6C}.Debug|Any CPU.ActiveCfg = Debug|Any CPU
		{D51C9C2E-7DAE-4A63-B44B-9295706F8F6C}.Debug|Any CPU.Build.0 = Debug|Any CPU
		{D51C9C2E-7DAE-4A63-B44B-9295706F8F6C}.Release|Any CPU.ActiveCfg = Release|Any CPU
		{D51C9C2E-7DAE-4A63-B44B-9295706F8F6C}.Release|Any CPU.Build.0 = Release|Any CPU
		{DD41ACFA-F246-4FD2-9B02-BE67490353A4}.Debug|Any CPU.ActiveCfg = Debug|Any CPU
		{DD41ACFA-F246-4FD2-9B02-BE67490353A4}.Debug|Any CPU.Build.0 = Debug|Any CPU
		{DD41ACFA-F246-4FD2-9B02-BE67490353A4}.Release|Any CPU.ActiveCfg = Release|Any CPU
		{DD41ACFA-F246-4FD2-9B02-BE67490353A4}.Release|Any CPU.Build.0 = Release|Any CPU
		{00AC08DC-A61B-43CC-8A8E-9C4DF58E9125}.Debug|Any CPU.ActiveCfg = Debug|Any CPU
		{00AC08DC-A61B-43CC-8A8E-9C4DF58E9125}.Debug|Any CPU.Build.0 = Debug|Any CPU
		{00AC08DC-A61B-43CC-8A8E-9C4DF58E9125}.Release|Any CPU.ActiveCfg = Release|Any CPU
		{00AC08DC-A61B-43CC-8A8E-9C4DF58E9125}.Release|Any CPU.Build.0 = Release|Any CPU
		{BAAEC2B6-0302-45A8-82F6-EEE42EA02BAB}.Debug|Any CPU.ActiveCfg = Debug|Any CPU
		{BAAEC2B6-0302-45A8-82F6-EEE42EA02BAB}.Debug|Any CPU.Build.0 = Debug|Any CPU
		{BAAEC2B6-0302-45A8-82F6-EEE42EA02BAB}.Release|Any CPU.ActiveCfg = Release|Any CPU
		{BAAEC2B6-0302-45A8-82F6-EEE42EA02BAB}.Release|Any CPU.Build.0 = Release|Any CPU
		{05E1986F-ADB7-45DF-823C-204AA963B203}.Debug|Any CPU.ActiveCfg = Debug|Any CPU
		{05E1986F-ADB7-45DF-823C-204AA963B203}.Debug|Any CPU.Build.0 = Debug|Any CPU
		{05E1986F-ADB7-45DF-823C-204AA963B203}.Release|Any CPU.ActiveCfg = Release|Any CPU
		{05E1986F-ADB7-45DF-823C-204AA963B203}.Release|Any CPU.Build.0 = Release|Any CPU
	EndGlobalSection
	GlobalSection(SolutionProperties) = preSolution
		HideSolutionNode = FALSE
	EndGlobalSection
	GlobalSection(NestedProjects) = preSolution
		{91CF7717-08AB-4E65-B10E-0B426F01E2E8} = {932D8224-11F6-4D07-B109-DA28AD288A63}
		{0BD0DB92-2D98-44D9-9AC0-C59186D59B0B} = {91CF7717-08AB-4E65-B10E-0B426F01E2E8}
		{F0CED513-0EFE-68AD-69FC-C2D63141B137} = {91CF7717-08AB-4E65-B10E-0B426F01E2E8}
		{59545A89-A900-4BE5-B680-BA461E0420AB} = {0BD0DB92-2D98-44D9-9AC0-C59186D59B0B}
		{234191DC-F774-4E07-AE74-D42609478422} = {0BD0DB92-2D98-44D9-9AC0-C59186D59B0B}
		{5DD0D70F-DB0F-46EB-B192-E398CC4E736E} = {0BD0DB92-2D98-44D9-9AC0-C59186D59B0B}
		{D997249C-72E5-49CA-8E3C-733379BED59F} = {0BD0DB92-2D98-44D9-9AC0-C59186D59B0B}
		{FAAEA390-CB33-4D9C-A11E-0405E4BD9DF8} = {0BD0DB92-2D98-44D9-9AC0-C59186D59B0B}
		{0314819D-96DD-4DD6-9682-58926B650015} = {91CF7717-08AB-4E65-B10E-0B426F01E2E8}
		{D51C9C2E-7DAE-4A63-B44B-9295706F8F6C} = {F0CED513-0EFE-68AD-69FC-C2D63141B137}
		{DD41ACFA-F246-4FD2-9B02-BE67490353A4} = {F0CED513-0EFE-68AD-69FC-C2D63141B137}
		{00AC08DC-A61B-43CC-8A8E-9C4DF58E9125} = {F0CED513-0EFE-68AD-69FC-C2D63141B137}
		{BAAEC2B6-0302-45A8-82F6-EEE42EA02BAB} = {F0CED513-0EFE-68AD-69FC-C2D63141B137}
		{05E1986F-ADB7-45DF-823C-204AA963B203} = {F0CED513-0EFE-68AD-69FC-C2D63141B137}
	EndGlobalSection
	GlobalSection(ExtensibilityGlobals) = postSolution
		SolutionGuid = {25728519-5F0F-4973-8A64-0A81EB4EA8D9}
	EndGlobalSection
EndGlobal
