
Microsoft Visual Studio Solution File, Format Version 12.00
# Visual Studio Version 16
VisualStudioVersion = 16.0.29020.237
MinimumVisualStudioVersion = 10.0.40219.1
Project("{2150E333-8FDC-42A3-9474-1A3956D46DE8}") = "src", "src", "{932D8224-11F6-4D07-B109-DA28AD288A63}"
EndProject
Project("{2150E333-8FDC-42A3-9474-1A3956D46DE8}") = "services", "services", "{91CF7717-08AB-4E65-B10E-0B426F01E2E8}"
EndProject
Project("{2150E333-8FDC-42A3-9474-1A3956D46DE8}") = "Ordering", "Ordering", "{0BD0DB92-2D98-44D9-9AC0-C59186D59B0B}"
EndProject
Project("{2150E333-8FDC-42A3-9474-1A3956D46DE8}") = "tests", "tests", "{A857AD10-40FF-4303-BEC2-FF1C58D5735E}"
EndProject
Project("{9A19103F-16F7-4668-BE54-9A1E7A4F7556}") = "Ordering.Api", "src\services\Ordering\Ordering.Api\Ordering.Api.csproj", "{59545A89-A900-4BE5-B680-BA461E0420AB}"
EndProject
Project("{9A19103F-16F7-4668-BE54-9A1E7A4F7556}") = "Ordering.Application", "src\services\Ordering\Ordering.Application\Ordering.Application.csproj", "{234191DC-F774-4E07-AE74-D42609478422}"
EndProject
Project("{9A19103F-16F7-4668-BE54-9A1E7A4F7556}") = "Ordering.Domain", "src\services\Ordering\Ordering.Domain\Ordering.Domain.csproj", "{5DD0D70F-DB0F-46EB-B192-E398CC4E736E}"
EndProject
Project("{9A19103F-16F7-4668-BE54-9A1E7A4F7556}") = "Ordering.DomainService", "src\services\Ordering\Ordering.DomainService\Ordering.DomainService.csproj", "{D997249C-72E5-49CA-8E3C-733379BED59F}"
EndProject
Project("{9A19103F-16F7-4668-BE54-9A1E7A4F7556}") = "Ordering.Infrastructure", "src\services\Ordering\Ordering.Infrastructure\Ordering.Infrastructure.csproj", "{FAAEA390-CB33-4D9C-A11E-0405E4BD9DF8}"
EndProject
Project("{9A19103F-16F7-4668-BE54-9A1E7A4F7556}") = "DomainCore", "src\services\DomainCore\DomainCore.csproj", "{A326F736-F474-4D96-B441-EDCC6D4E18E8}"
EndProject
Global
	GlobalSection(SolutionConfigurationPlatforms) = preSolution
		Debug|Any CPU = Debug|Any CPU
		Release|Any CPU = Release|Any CPU
	EndGlobalSection
	GlobalSection(ProjectConfigurationPlatforms) = postSolution
		{59545A89-A900-4BE5-B680-BA461E0420AB}.Debug|Any CPU.ActiveCfg = Debug|Any CPU
		{59545A89-A900-4BE5-B680-BA461E0420AB}.Debug|Any CPU.Build.0 = Debug|Any CPU
		{59545A89-A900-4BE5-B680-BA461E0420AB}.Release|Any CPU.ActiveCfg = Release|Any CPU
		{59545A89-A900-4BE5-B680-BA461E0420AB}.Release|Any CPU.Build.0 = Release|Any CPU
		{234191DC-F774-4E07-AE74-D42609478422}.Debug|Any CPU.ActiveCfg = Debug|Any CPU
		{234191DC-F774-4E07-AE74-D42609478422}.Debug|Any CPU.Build.0 = Debug|Any CPU
		{234191DC-F774-4E07-AE74-D42609478422}.Release|Any CPU.ActiveCfg = Release|Any CPU
		{234191DC-F774-4E07-AE74-D42609478422}.Release|Any CPU.Build.0 = Release|Any CPU
		{5DD0D70F-DB0F-46EB-B192-E398CC4E736E}.Debug|Any CPU.ActiveCfg = Debug|Any CPU
		{5DD0D70F-DB0F-46EB-B192-E398CC4E736E}.Debug|Any CPU.Build.0 = Debug|Any CPU
		{5DD0D70F-DB0F-46EB-B192-E398CC4E736E}.Release|Any CPU.ActiveCfg = Release|Any CPU
		{5DD0D70F-DB0F-46EB-B192-E398CC4E736E}.Release|Any CPU.Build.0 = Release|Any CPU
		{D997249C-72E5-49CA-8E3C-733379BED59F}.Debug|Any CPU.ActiveCfg = Debug|Any CPU
		{D997249C-72E5-49CA-8E3C-733379BED59F}.Debug|Any CPU.Build.0 = Debug|Any CPU
		{D997249C-72E5-49CA-8E3C-733379BED59F}.Release|Any CPU.ActiveCfg = Release|Any CPU
		{D997249C-72E5-49CA-8E3C-733379BED59F}.Release|Any CPU.Build.0 = Release|Any CPU
		{FAAEA390-CB33-4D9C-A11E-0405E4BD9DF8}.Debug|Any CPU.ActiveCfg = Debug|Any CPU
		{FAAEA390-CB33-4D9C-A11E-0405E4BD9DF8}.Debug|Any CPU.Build.0 = Debug|Any CPU
		{FAAEA390-CB33-4D9C-A11E-0405E4BD9DF8}.Release|Any CPU.ActiveCfg = Release|Any CPU
		{FAAEA390-CB33-4D9C-A11E-0405E4BD9DF8}.Release|Any CPU.Build.0 = Release|Any CPU
		{A326F736-F474-4D96-B441-EDCC6D4E18E8}.Debug|Any CPU.ActiveCfg = Debug|Any CPU
		{A326F736-F474-4D96-B441-EDCC6D4E18E8}.Debug|Any CPU.Build.0 = Debug|Any CPU
		{A326F736-F474-4D96-B441-EDCC6D4E18E8}.Release|Any CPU.ActiveCfg = Release|Any CPU
		{A326F736-F474-4D96-B441-EDCC6D4E18E8}.Release|Any CPU.Build.0 = Release|Any CPU
	EndGlobalSection
	GlobalSection(SolutionProperties) = preSolution
		HideSolutionNode = FALSE
	EndGlobalSection
	GlobalSection(NestedProjects) = preSolution
		{91CF7717-08AB-4E65-B10E-0B426F01E2E8} = {932D8224-11F6-4D07-B109-DA28AD288A63}
		{0BD0DB92-2D98-44D9-9AC0-C59186D59B0B} = {91CF7717-08AB-4E65-B10E-0B426F01E2E8}
		{59545A89-A900-4BE5-B680-BA461E0420AB} = {0BD0DB92-2D98-44D9-9AC0-C59186D59B0B}
		{234191DC-F774-4E07-AE74-D42609478422} = {0BD0DB92-2D98-44D9-9AC0-C59186D59B0B}
		{5DD0D70F-DB0F-46EB-B192-E398CC4E736E} = {0BD0DB92-2D98-44D9-9AC0-C59186D59B0B}
		{D997249C-72E5-49CA-8E3C-733379BED59F} = {0BD0DB92-2D98-44D9-9AC0-C59186D59B0B}
		{FAAEA390-CB33-4D9C-A11E-0405E4BD9DF8} = {0BD0DB92-2D98-44D9-9AC0-C59186D59B0B}
		{A326F736-F474-4D96-B441-EDCC6D4E18E8} = {91CF7717-08AB-4E65-B10E-0B426F01E2E8}
	EndGlobalSection
	GlobalSection(ExtensibilityGlobals) = postSolution
		SolutionGuid = {25728519-5F0F-4973-8A64-0A81EB4EA8D9}
	EndGlobalSection
EndGlobal
