
Microsoft Visual Studio Solution File, Format Version 12.00
# Visual Studio Version 16
VisualStudioVersion = 16.0.29020.237
MinimumVisualStudioVersion = 10.0.40219.1
Project("{2150E333-8FDC-42A3-9474-1A3956D46DE8}") = "src", "src", "{932D8224-11F6-4D07-B109-DA28AD288A63}"
EndProject
Project("{2150E333-8FDC-42A3-9474-1A3956D46DE8}") = "services", "services", "{91CF7717-08AB-4E65-B10E-0B426F01E2E8}"
EndProject
Project("{2150E333-8FDC-42A3-9474-1A3956D46DE8}") = "Ordering", "Ordering", "{0BD0DB92-2D98-44D9-9AC0-C59186D59B0B}"
EndProject
Project("{2150E333-8FDC-42A3-9474-1A3956D46DE8}") = "tests", "tests", "{A857AD10-40FF-4303-BEC2-FF1C58D5735E}"
EndProject
Project("{9A19103F-16F7-4668-BE54-9A1E7A4F7556}") = "Ordering.Domain", "services\Ordering\Ordering.Domain\Ordering.Domain.csproj", "{F5598DCB-6DDE-4661-AD9D-A55612DA7E76}"
EndProject
Project("{9A19103F-16F7-4668-BE54-9A1E7A4F7556}") = "Ordering.Infrastructure", "services\Ordering\Ordering.Infrastructure\Ordering.Infrastructure.csproj", "{95F1F07C-4D92-4742-BD07-E5B805AAB651}"
EndProject
Project("{9A19103F-16F7-4668-BE54-9A1E7A4F7556}") = "Ordering.Application", "services\Ordering\Ordering.Application\Ordering.Application.csproj", "{6610FE51-5D16-429C-ACB9-49B3A1277EBD}"
EndProject
Project("{9A19103F-16F7-4668-BE54-9A1E7A4F7556}") = "DomainCore", "services\DomainCore\DomainCore.csproj", "{E3091515-B506-4D3A-A350-17A8D1A9B77B}"
EndProject
Project("{9A19103F-16F7-4668-BE54-9A1E7A4F7556}") = "Ordering.DomainService", "services\Ordering\Ordering.DomainService\Ordering.DomainService.csproj", "{0110F897-CDDA-4833-9FEB-78E323E737C1}"
EndProject
Project("{9A19103F-16F7-4668-BE54-9A1E7A4F7556}") = "Ordering.Api", "services\Ordering\Ordering.Api\Ordering.Api.csproj", "{B6DE6D69-9CA0-4AA6-9812-25C901E6CEC1}"
EndProject
Global
	GlobalSection(SolutionConfigurationPlatforms) = preSolution
		Ad-Hoc|Any CPU = Ad-Hoc|Any CPU
		Ad-Hoc|ARM = Ad-Hoc|ARM
		Ad-Hoc|iPhone = Ad-Hoc|iPhone
		Ad-Hoc|iPhoneSimulator = Ad-Hoc|iPhoneSimulator
		Ad-Hoc|x64 = Ad-Hoc|x64
		Ad-Hoc|x86 = Ad-Hoc|x86
		AppStore|Any CPU = AppStore|Any CPU
		AppStore|ARM = AppStore|ARM
		AppStore|iPhone = AppStore|iPhone
		AppStore|iPhoneSimulator = AppStore|iPhoneSimulator
		AppStore|x64 = AppStore|x64
		AppStore|x86 = AppStore|x86
		Debug|Any CPU = Debug|Any CPU
		Debug|ARM = Debug|ARM
		Debug|iPhone = Debug|iPhone
		Debug|iPhoneSimulator = Debug|iPhoneSimulator
		Debug|x64 = Debug|x64
		Debug|x86 = Debug|x86
		Release|Any CPU = Release|Any CPU
		Release|ARM = Release|ARM
		Release|iPhone = Release|iPhone
		Release|iPhoneSimulator = Release|iPhoneSimulator
		Release|x64 = Release|x64
		Release|x86 = Release|x86
	EndGlobalSection
	GlobalSection(ProjectConfigurationPlatforms) = postSolution
		{F5598DCB-6DDE-4661-AD9D-A55612DA7E76}.Ad-Hoc|Any CPU.ActiveCfg = Release|Any CPU
		{F5598DCB-6DDE-4661-AD9D-A55612DA7E76}.Ad-Hoc|ARM.ActiveCfg = Release|Any CPU
		{F5598DCB-6DDE-4661-AD9D-A55612DA7E76}.Ad-Hoc|iPhone.ActiveCfg = Release|Any CPU
		{F5598DCB-6DDE-4661-AD9D-A55612DA7E76}.Ad-Hoc|iPhoneSimulator.ActiveCfg = Release|Any CPU
		{F5598DCB-6DDE-4661-AD9D-A55612DA7E76}.Ad-Hoc|x64.ActiveCfg = Release|Any CPU
		{F5598DCB-6DDE-4661-AD9D-A55612DA7E76}.Ad-Hoc|x86.ActiveCfg = Release|Any CPU
		{F5598DCB-6DDE-4661-AD9D-A55612DA7E76}.AppStore|Any CPU.ActiveCfg = Release|Any CPU
		{F5598DCB-6DDE-4661-AD9D-A55612DA7E76}.AppStore|ARM.ActiveCfg = Release|Any CPU
		{F5598DCB-6DDE-4661-AD9D-A55612DA7E76}.AppStore|iPhone.ActiveCfg = Release|Any CPU
		{F5598DCB-6DDE-4661-AD9D-A55612DA7E76}.AppStore|iPhoneSimulator.ActiveCfg = Release|Any CPU
		{F5598DCB-6DDE-4661-AD9D-A55612DA7E76}.AppStore|x64.ActiveCfg = Release|Any CPU
		{F5598DCB-6DDE-4661-AD9D-A55612DA7E76}.AppStore|x86.ActiveCfg = Release|Any CPU
		{F5598DCB-6DDE-4661-AD9D-A55612DA7E76}.Debug|Any CPU.ActiveCfg = Debug|Any CPU
		{F5598DCB-6DDE-4661-AD9D-A55612DA7E76}.Debug|Any CPU.Build.0 = Debug|Any CPU
		{F5598DCB-6DDE-4661-AD9D-A55612DA7E76}.Debug|ARM.ActiveCfg = Debug|Any CPU
		{F5598DCB-6DDE-4661-AD9D-A55612DA7E76}.Debug|iPhone.ActiveCfg = Debug|Any CPU
		{F5598DCB-6DDE-4661-AD9D-A55612DA7E76}.Debug|iPhoneSimulator.ActiveCfg = Debug|Any CPU
		{F5598DCB-6DDE-4661-AD9D-A55612DA7E76}.Debug|x64.ActiveCfg = Debug|Any CPU
		{F5598DCB-6DDE-4661-AD9D-A55612DA7E76}.Debug|x86.ActiveCfg = Debug|Any CPU
		{F5598DCB-6DDE-4661-AD9D-A55612DA7E76}.Release|Any CPU.ActiveCfg = Release|Any CPU
		{F5598DCB-6DDE-4661-AD9D-A55612DA7E76}.Release|Any CPU.Build.0 = Release|Any CPU
		{F5598DCB-6DDE-4661-AD9D-A55612DA7E76}.Release|ARM.ActiveCfg = Release|Any CPU
		{F5598DCB-6DDE-4661-AD9D-A55612DA7E76}.Release|iPhone.ActiveCfg = Release|Any CPU
		{F5598DCB-6DDE-4661-AD9D-A55612DA7E76}.Release|iPhoneSimulator.ActiveCfg = Release|Any CPU
		{F5598DCB-6DDE-4661-AD9D-A55612DA7E76}.Release|x64.ActiveCfg = Release|Any CPU
		{F5598DCB-6DDE-4661-AD9D-A55612DA7E76}.Release|x86.ActiveCfg = Release|Any CPU
		{95F1F07C-4D92-4742-BD07-E5B805AAB651}.Ad-Hoc|Any CPU.ActiveCfg = Debug|Any CPU
		{95F1F07C-4D92-4742-BD07-E5B805AAB651}.Ad-Hoc|Any CPU.Build.0 = Debug|Any CPU
		{95F1F07C-4D92-4742-BD07-E5B805AAB651}.Ad-Hoc|ARM.ActiveCfg = Debug|Any CPU
		{95F1F07C-4D92-4742-BD07-E5B805AAB651}.Ad-Hoc|ARM.Build.0 = Debug|Any CPU
		{95F1F07C-4D92-4742-BD07-E5B805AAB651}.Ad-Hoc|iPhone.ActiveCfg = Debug|Any CPU
		{95F1F07C-4D92-4742-BD07-E5B805AAB651}.Ad-Hoc|iPhone.Build.0 = Debug|Any CPU
		{95F1F07C-4D92-4742-BD07-E5B805AAB651}.Ad-Hoc|iPhoneSimulator.ActiveCfg = Debug|Any CPU
		{95F1F07C-4D92-4742-BD07-E5B805AAB651}.Ad-Hoc|iPhoneSimulator.Build.0 = Debug|Any CPU
		{95F1F07C-4D92-4742-BD07-E5B805AAB651}.Ad-Hoc|x64.ActiveCfg = Debug|Any CPU
		{95F1F07C-4D92-4742-BD07-E5B805AAB651}.Ad-Hoc|x64.Build.0 = Debug|Any CPU
		{95F1F07C-4D92-4742-BD07-E5B805AAB651}.Ad-Hoc|x86.ActiveCfg = Debug|Any CPU
		{95F1F07C-4D92-4742-BD07-E5B805AAB651}.Ad-Hoc|x86.Build.0 = Debug|Any CPU
		{95F1F07C-4D92-4742-BD07-E5B805AAB651}.AppStore|Any CPU.ActiveCfg = Debug|Any CPU
		{95F1F07C-4D92-4742-BD07-E5B805AAB651}.AppStore|Any CPU.Build.0 = Debug|Any CPU
		{95F1F07C-4D92-4742-BD07-E5B805AAB651}.AppStore|ARM.ActiveCfg = Debug|Any CPU
		{95F1F07C-4D92-4742-BD07-E5B805AAB651}.AppStore|ARM.Build.0 = Debug|Any CPU
		{95F1F07C-4D92-4742-BD07-E5B805AAB651}.AppStore|iPhone.ActiveCfg = Debug|Any CPU
		{95F1F07C-4D92-4742-BD07-E5B805AAB651}.AppStore|iPhone.Build.0 = Debug|Any CPU
		{95F1F07C-4D92-4742-BD07-E5B805AAB651}.AppStore|iPhoneSimulator.ActiveCfg = Debug|Any CPU
		{95F1F07C-4D92-4742-BD07-E5B805AAB651}.AppStore|iPhoneSimulator.Build.0 = Debug|Any CPU
		{95F1F07C-4D92-4742-BD07-E5B805AAB651}.AppStore|x64.ActiveCfg = Debug|Any CPU
		{95F1F07C-4D92-4742-BD07-E5B805AAB651}.AppStore|x64.Build.0 = Debug|Any CPU
		{95F1F07C-4D92-4742-BD07-E5B805AAB651}.AppStore|x86.ActiveCfg = Debug|Any CPU
		{95F1F07C-4D92-4742-BD07-E5B805AAB651}.AppStore|x86.Build.0 = Debug|Any CPU
		{95F1F07C-4D92-4742-BD07-E5B805AAB651}.Debug|Any CPU.ActiveCfg = Debug|Any CPU
		{95F1F07C-4D92-4742-BD07-E5B805AAB651}.Debug|Any CPU.Build.0 = Debug|Any CPU
		{95F1F07C-4D92-4742-BD07-E5B805AAB651}.Debug|ARM.ActiveCfg = Debug|Any CPU
		{95F1F07C-4D92-4742-BD07-E5B805AAB651}.Debug|ARM.Build.0 = Debug|Any CPU
		{95F1F07C-4D92-4742-BD07-E5B805AAB651}.Debug|iPhone.ActiveCfg = Debug|Any CPU
		{95F1F07C-4D92-4742-BD07-E5B805AAB651}.Debug|iPhone.Build.0 = Debug|Any CPU
		{95F1F07C-4D92-4742-BD07-E5B805AAB651}.Debug|iPhoneSimulator.ActiveCfg = Debug|Any CPU
		{95F1F07C-4D92-4742-BD07-E5B805AAB651}.Debug|iPhoneSimulator.Build.0 = Debug|Any CPU
		{95F1F07C-4D92-4742-BD07-E5B805AAB651}.Debug|x64.ActiveCfg = Debug|Any CPU
		{95F1F07C-4D92-4742-BD07-E5B805AAB651}.Debug|x64.Build.0 = Debug|Any CPU
		{95F1F07C-4D92-4742-BD07-E5B805AAB651}.Debug|x86.ActiveCfg = Debug|Any CPU
		{95F1F07C-4D92-4742-BD07-E5B805AAB651}.Debug|x86.Build.0 = Debug|Any CPU
		{95F1F07C-4D92-4742-BD07-E5B805AAB651}.Release|Any CPU.ActiveCfg = Release|Any CPU
		{95F1F07C-4D92-4742-BD07-E5B805AAB651}.Release|Any CPU.Build.0 = Release|Any CPU
		{95F1F07C-4D92-4742-BD07-E5B805AAB651}.Release|ARM.ActiveCfg = Release|Any CPU
		{95F1F07C-4D92-4742-BD07-E5B805AAB651}.Release|ARM.Build.0 = Release|Any CPU
		{95F1F07C-4D92-4742-BD07-E5B805AAB651}.Release|iPhone.ActiveCfg = Release|Any CPU
		{95F1F07C-4D92-4742-BD07-E5B805AAB651}.Release|iPhone.Build.0 = Release|Any CPU
		{95F1F07C-4D92-4742-BD07-E5B805AAB651}.Release|iPhoneSimulator.ActiveCfg = Release|Any CPU
		{95F1F07C-4D92-4742-BD07-E5B805AAB651}.Release|iPhoneSimulator.Build.0 = Release|Any CPU
		{95F1F07C-4D92-4742-BD07-E5B805AAB651}.Release|x64.ActiveCfg = Release|Any CPU
		{95F1F07C-4D92-4742-BD07-E5B805AAB651}.Release|x64.Build.0 = Release|Any CPU
		{95F1F07C-4D92-4742-BD07-E5B805AAB651}.Release|x86.ActiveCfg = Release|Any CPU
		{95F1F07C-4D92-4742-BD07-E5B805AAB651}.Release|x86.Build.0 = Release|Any CPU
		{6610FE51-5D16-429C-ACB9-49B3A1277EBD}.Ad-Hoc|Any CPU.ActiveCfg = Debug|Any CPU
		{6610FE51-5D16-429C-ACB9-49B3A1277EBD}.Ad-Hoc|Any CPU.Build.0 = Debug|Any CPU
		{6610FE51-5D16-429C-ACB9-49B3A1277EBD}.Ad-Hoc|ARM.ActiveCfg = Debug|Any CPU
		{6610FE51-5D16-429C-ACB9-49B3A1277EBD}.Ad-Hoc|ARM.Build.0 = Debug|Any CPU
		{6610FE51-5D16-429C-ACB9-49B3A1277EBD}.Ad-Hoc|iPhone.ActiveCfg = Debug|Any CPU
		{6610FE51-5D16-429C-ACB9-49B3A1277EBD}.Ad-Hoc|iPhone.Build.0 = Debug|Any CPU
		{6610FE51-5D16-429C-ACB9-49B3A1277EBD}.Ad-Hoc|iPhoneSimulator.ActiveCfg = Debug|Any CPU
		{6610FE51-5D16-429C-ACB9-49B3A1277EBD}.Ad-Hoc|iPhoneSimulator.Build.0 = Debug|Any CPU
		{6610FE51-5D16-429C-ACB9-49B3A1277EBD}.Ad-Hoc|x64.ActiveCfg = Debug|Any CPU
		{6610FE51-5D16-429C-ACB9-49B3A1277EBD}.Ad-Hoc|x64.Build.0 = Debug|Any CPU
		{6610FE51-5D16-429C-ACB9-49B3A1277EBD}.Ad-Hoc|x86.ActiveCfg = Debug|Any CPU
		{6610FE51-5D16-429C-ACB9-49B3A1277EBD}.Ad-Hoc|x86.Build.0 = Debug|Any CPU
		{6610FE51-5D16-429C-ACB9-49B3A1277EBD}.AppStore|Any CPU.ActiveCfg = Debug|Any CPU
		{6610FE51-5D16-429C-ACB9-49B3A1277EBD}.AppStore|Any CPU.Build.0 = Debug|Any CPU
		{6610FE51-5D16-429C-ACB9-49B3A1277EBD}.AppStore|ARM.ActiveCfg = Debug|Any CPU
		{6610FE51-5D16-429C-ACB9-49B3A1277EBD}.AppStore|ARM.Build.0 = Debug|Any CPU
		{6610FE51-5D16-429C-ACB9-49B3A1277EBD}.AppStore|iPhone.ActiveCfg = Debug|Any CPU
		{6610FE51-5D16-429C-ACB9-49B3A1277EBD}.AppStore|iPhone.Build.0 = Debug|Any CPU
		{6610FE51-5D16-429C-ACB9-49B3A1277EBD}.AppStore|iPhoneSimulator.ActiveCfg = Debug|Any CPU
		{6610FE51-5D16-429C-ACB9-49B3A1277EBD}.AppStore|iPhoneSimulator.Build.0 = Debug|Any CPU
		{6610FE51-5D16-429C-ACB9-49B3A1277EBD}.AppStore|x64.ActiveCfg = Debug|Any CPU
		{6610FE51-5D16-429C-ACB9-49B3A1277EBD}.AppStore|x64.Build.0 = Debug|Any CPU
		{6610FE51-5D16-429C-ACB9-49B3A1277EBD}.AppStore|x86.ActiveCfg = Debug|Any CPU
		{6610FE51-5D16-429C-ACB9-49B3A1277EBD}.AppStore|x86.Build.0 = Debug|Any CPU
		{6610FE51-5D16-429C-ACB9-49B3A1277EBD}.Debug|Any CPU.ActiveCfg = Debug|Any CPU
		{6610FE51-5D16-429C-ACB9-49B3A1277EBD}.Debug|Any CPU.Build.0 = Debug|Any CPU
		{6610FE51-5D16-429C-ACB9-49B3A1277EBD}.Debug|ARM.ActiveCfg = Debug|Any CPU
		{6610FE51-5D16-429C-ACB9-49B3A1277EBD}.Debug|ARM.Build.0 = Debug|Any CPU
		{6610FE51-5D16-429C-ACB9-49B3A1277EBD}.Debug|iPhone.ActiveCfg = Debug|Any CPU
		{6610FE51-5D16-429C-ACB9-49B3A1277EBD}.Debug|iPhone.Build.0 = Debug|Any CPU
		{6610FE51-5D16-429C-ACB9-49B3A1277EBD}.Debug|iPhoneSimulator.ActiveCfg = Debug|Any CPU
		{6610FE51-5D16-429C-ACB9-49B3A1277EBD}.Debug|iPhoneSimulator.Build.0 = Debug|Any CPU
		{6610FE51-5D16-429C-ACB9-49B3A1277EBD}.Debug|x64.ActiveCfg = Debug|Any CPU
		{6610FE51-5D16-429C-ACB9-49B3A1277EBD}.Debug|x64.Build.0 = Debug|Any CPU
		{6610FE51-5D16-429C-ACB9-49B3A1277EBD}.Debug|x86.ActiveCfg = Debug|Any CPU
		{6610FE51-5D16-429C-ACB9-49B3A1277EBD}.Debug|x86.Build.0 = Debug|Any CPU
		{6610FE51-5D16-429C-ACB9-49B3A1277EBD}.Release|Any CPU.ActiveCfg = Release|Any CPU
		{6610FE51-5D16-429C-ACB9-49B3A1277EBD}.Release|Any CPU.Build.0 = Release|Any CPU
		{6610FE51-5D16-429C-ACB9-49B3A1277EBD}.Release|ARM.ActiveCfg = Release|Any CPU
		{6610FE51-5D16-429C-ACB9-49B3A1277EBD}.Release|ARM.Build.0 = Release|Any CPU
		{6610FE51-5D16-429C-ACB9-49B3A1277EBD}.Release|iPhone.ActiveCfg = Release|Any CPU
		{6610FE51-5D16-429C-ACB9-49B3A1277EBD}.Release|iPhone.Build.0 = Release|Any CPU
		{6610FE51-5D16-429C-ACB9-49B3A1277EBD}.Release|iPhoneSimulator.ActiveCfg = Release|Any CPU
		{6610FE51-5D16-429C-ACB9-49B3A1277EBD}.Release|iPhoneSimulator.Build.0 = Release|Any CPU
		{6610FE51-5D16-429C-ACB9-49B3A1277EBD}.Release|x64.ActiveCfg = Release|Any CPU
		{6610FE51-5D16-429C-ACB9-49B3A1277EBD}.Release|x64.Build.0 = Release|Any CPU
		{6610FE51-5D16-429C-ACB9-49B3A1277EBD}.Release|x86.ActiveCfg = Release|Any CPU
		{6610FE51-5D16-429C-ACB9-49B3A1277EBD}.Release|x86.Build.0 = Release|Any CPU
		{E3091515-B506-4D3A-A350-17A8D1A9B77B}.Ad-Hoc|Any CPU.ActiveCfg = Debug|Any CPU
		{E3091515-B506-4D3A-A350-17A8D1A9B77B}.Ad-Hoc|Any CPU.Build.0 = Debug|Any CPU
		{E3091515-B506-4D3A-A350-17A8D1A9B77B}.Ad-Hoc|ARM.ActiveCfg = Debug|Any CPU
		{E3091515-B506-4D3A-A350-17A8D1A9B77B}.Ad-Hoc|ARM.Build.0 = Debug|Any CPU
		{E3091515-B506-4D3A-A350-17A8D1A9B77B}.Ad-Hoc|iPhone.ActiveCfg = Debug|Any CPU
		{E3091515-B506-4D3A-A350-17A8D1A9B77B}.Ad-Hoc|iPhone.Build.0 = Debug|Any CPU
		{E3091515-B506-4D3A-A350-17A8D1A9B77B}.Ad-Hoc|iPhoneSimulator.ActiveCfg = Debug|Any CPU
		{E3091515-B506-4D3A-A350-17A8D1A9B77B}.Ad-Hoc|iPhoneSimulator.Build.0 = Debug|Any CPU
		{E3091515-B506-4D3A-A350-17A8D1A9B77B}.Ad-Hoc|x64.ActiveCfg = Debug|Any CPU
		{E3091515-B506-4D3A-A350-17A8D1A9B77B}.Ad-Hoc|x64.Build.0 = Debug|Any CPU
		{E3091515-B506-4D3A-A350-17A8D1A9B77B}.Ad-Hoc|x86.ActiveCfg = Debug|Any CPU
		{E3091515-B506-4D3A-A350-17A8D1A9B77B}.Ad-Hoc|x86.Build.0 = Debug|Any CPU
		{E3091515-B506-4D3A-A350-17A8D1A9B77B}.AppStore|Any CPU.ActiveCfg = Debug|Any CPU
		{E3091515-B506-4D3A-A350-17A8D1A9B77B}.AppStore|Any CPU.Build.0 = Debug|Any CPU
		{E3091515-B506-4D3A-A350-17A8D1A9B77B}.AppStore|ARM.ActiveCfg = Debug|Any CPU
		{E3091515-B506-4D3A-A350-17A8D1A9B77B}.AppStore|ARM.Build.0 = Debug|Any CPU
		{E3091515-B506-4D3A-A350-17A8D1A9B77B}.AppStore|iPhone.ActiveCfg = Debug|Any CPU
		{E3091515-B506-4D3A-A350-17A8D1A9B77B}.AppStore|iPhone.Build.0 = Debug|Any CPU
		{E3091515-B506-4D3A-A350-17A8D1A9B77B}.AppStore|iPhoneSimulator.ActiveCfg = Debug|Any CPU
		{E3091515-B506-4D3A-A350-17A8D1A9B77B}.AppStore|iPhoneSimulator.Build.0 = Debug|Any CPU
		{E3091515-B506-4D3A-A350-17A8D1A9B77B}.AppStore|x64.ActiveCfg = Debug|Any CPU
		{E3091515-B506-4D3A-A350-17A8D1A9B77B}.AppStore|x64.Build.0 = Debug|Any CPU
		{E3091515-B506-4D3A-A350-17A8D1A9B77B}.AppStore|x86.ActiveCfg = Debug|Any CPU
		{E3091515-B506-4D3A-A350-17A8D1A9B77B}.AppStore|x86.Build.0 = Debug|Any CPU
		{E3091515-B506-4D3A-A350-17A8D1A9B77B}.Debug|Any CPU.ActiveCfg = Debug|Any CPU
		{E3091515-B506-4D3A-A350-17A8D1A9B77B}.Debug|Any CPU.Build.0 = Debug|Any CPU
		{E3091515-B506-4D3A-A350-17A8D1A9B77B}.Debug|ARM.ActiveCfg = Debug|Any CPU
		{E3091515-B506-4D3A-A350-17A8D1A9B77B}.Debug|ARM.Build.0 = Debug|Any CPU
		{E3091515-B506-4D3A-A350-17A8D1A9B77B}.Debug|iPhone.ActiveCfg = Debug|Any CPU
		{E3091515-B506-4D3A-A350-17A8D1A9B77B}.Debug|iPhone.Build.0 = Debug|Any CPU
		{E3091515-B506-4D3A-A350-17A8D1A9B77B}.Debug|iPhoneSimulator.ActiveCfg = Debug|Any CPU
		{E3091515-B506-4D3A-A350-17A8D1A9B77B}.Debug|iPhoneSimulator.Build.0 = Debug|Any CPU
		{E3091515-B506-4D3A-A350-17A8D1A9B77B}.Debug|x64.ActiveCfg = Debug|Any CPU
		{E3091515-B506-4D3A-A350-17A8D1A9B77B}.Debug|x64.Build.0 = Debug|Any CPU
		{E3091515-B506-4D3A-A350-17A8D1A9B77B}.Debug|x86.ActiveCfg = Debug|Any CPU
		{E3091515-B506-4D3A-A350-17A8D1A9B77B}.Debug|x86.Build.0 = Debug|Any CPU
		{E3091515-B506-4D3A-A350-17A8D1A9B77B}.Release|Any CPU.ActiveCfg = Release|Any CPU
		{E3091515-B506-4D3A-A350-17A8D1A9B77B}.Release|Any CPU.Build.0 = Release|Any CPU
		{E3091515-B506-4D3A-A350-17A8D1A9B77B}.Release|ARM.ActiveCfg = Release|Any CPU
		{E3091515-B506-4D3A-A350-17A8D1A9B77B}.Release|ARM.Build.0 = Release|Any CPU
		{E3091515-B506-4D3A-A350-17A8D1A9B77B}.Release|iPhone.ActiveCfg = Release|Any CPU
		{E3091515-B506-4D3A-A350-17A8D1A9B77B}.Release|iPhone.Build.0 = Release|Any CPU
		{E3091515-B506-4D3A-A350-17A8D1A9B77B}.Release|iPhoneSimulator.ActiveCfg = Release|Any CPU
		{E3091515-B506-4D3A-A350-17A8D1A9B77B}.Release|iPhoneSimulator.Build.0 = Release|Any CPU
		{E3091515-B506-4D3A-A350-17A8D1A9B77B}.Release|x64.ActiveCfg = Release|Any CPU
		{E3091515-B506-4D3A-A350-17A8D1A9B77B}.Release|x64.Build.0 = Release|Any CPU
		{E3091515-B506-4D3A-A350-17A8D1A9B77B}.Release|x86.ActiveCfg = Release|Any CPU
		{E3091515-B506-4D3A-A350-17A8D1A9B77B}.Release|x86.Build.0 = Release|Any CPU
		{0110F897-CDDA-4833-9FEB-78E323E737C1}.Ad-Hoc|Any CPU.ActiveCfg = Debug|Any CPU
		{0110F897-CDDA-4833-9FEB-78E323E737C1}.Ad-Hoc|Any CPU.Build.0 = Debug|Any CPU
		{0110F897-CDDA-4833-9FEB-78E323E737C1}.Ad-Hoc|ARM.ActiveCfg = Debug|Any CPU
		{0110F897-CDDA-4833-9FEB-78E323E737C1}.Ad-Hoc|ARM.Build.0 = Debug|Any CPU
		{0110F897-CDDA-4833-9FEB-78E323E737C1}.Ad-Hoc|iPhone.ActiveCfg = Debug|Any CPU
		{0110F897-CDDA-4833-9FEB-78E323E737C1}.Ad-Hoc|iPhone.Build.0 = Debug|Any CPU
		{0110F897-CDDA-4833-9FEB-78E323E737C1}.Ad-Hoc|iPhoneSimulator.ActiveCfg = Debug|Any CPU
		{0110F897-CDDA-4833-9FEB-78E323E737C1}.Ad-Hoc|iPhoneSimulator.Build.0 = Debug|Any CPU
		{0110F897-CDDA-4833-9FEB-78E323E737C1}.Ad-Hoc|x64.ActiveCfg = Debug|Any CPU
		{0110F897-CDDA-4833-9FEB-78E323E737C1}.Ad-Hoc|x64.Build.0 = Debug|Any CPU
		{0110F897-CDDA-4833-9FEB-78E323E737C1}.Ad-Hoc|x86.ActiveCfg = Debug|Any CPU
		{0110F897-CDDA-4833-9FEB-78E323E737C1}.Ad-Hoc|x86.Build.0 = Debug|Any CPU
		{0110F897-CDDA-4833-9FEB-78E323E737C1}.AppStore|Any CPU.ActiveCfg = Debug|Any CPU
		{0110F897-CDDA-4833-9FEB-78E323E737C1}.AppStore|Any CPU.Build.0 = Debug|Any CPU
		{0110F897-CDDA-4833-9FEB-78E323E737C1}.AppStore|ARM.ActiveCfg = Debug|Any CPU
		{0110F897-CDDA-4833-9FEB-78E323E737C1}.AppStore|ARM.Build.0 = Debug|Any CPU
		{0110F897-CDDA-4833-9FEB-78E323E737C1}.AppStore|iPhone.ActiveCfg = Debug|Any CPU
		{0110F897-CDDA-4833-9FEB-78E323E737C1}.AppStore|iPhone.Build.0 = Debug|Any CPU
		{0110F897-CDDA-4833-9FEB-78E323E737C1}.AppStore|iPhoneSimulator.ActiveCfg = Debug|Any CPU
		{0110F897-CDDA-4833-9FEB-78E323E737C1}.AppStore|iPhoneSimulator.Build.0 = Debug|Any CPU
		{0110F897-CDDA-4833-9FEB-78E323E737C1}.AppStore|x64.ActiveCfg = Debug|Any CPU
		{0110F897-CDDA-4833-9FEB-78E323E737C1}.AppStore|x64.Build.0 = Debug|Any CPU
		{0110F897-CDDA-4833-9FEB-78E323E737C1}.AppStore|x86.ActiveCfg = Debug|Any CPU
		{0110F897-CDDA-4833-9FEB-78E323E737C1}.AppStore|x86.Build.0 = Debug|Any CPU
		{0110F897-CDDA-4833-9FEB-78E323E737C1}.Debug|Any CPU.ActiveCfg = Debug|Any CPU
		{0110F897-CDDA-4833-9FEB-78E323E737C1}.Debug|Any CPU.Build.0 = Debug|Any CPU
		{0110F897-CDDA-4833-9FEB-78E323E737C1}.Debug|ARM.ActiveCfg = Debug|Any CPU
		{0110F897-CDDA-4833-9FEB-78E323E737C1}.Debug|ARM.Build.0 = Debug|Any CPU
		{0110F897-CDDA-4833-9FEB-78E323E737C1}.Debug|iPhone.ActiveCfg = Debug|Any CPU
		{0110F897-CDDA-4833-9FEB-78E323E737C1}.Debug|iPhone.Build.0 = Debug|Any CPU
		{0110F897-CDDA-4833-9FEB-78E323E737C1}.Debug|iPhoneSimulator.ActiveCfg = Debug|Any CPU
		{0110F897-CDDA-4833-9FEB-78E323E737C1}.Debug|iPhoneSimulator.Build.0 = Debug|Any CPU
		{0110F897-CDDA-4833-9FEB-78E323E737C1}.Debug|x64.ActiveCfg = Debug|Any CPU
		{0110F897-CDDA-4833-9FEB-78E323E737C1}.Debug|x64.Build.0 = Debug|Any CPU
		{0110F897-CDDA-4833-9FEB-78E323E737C1}.Debug|x86.ActiveCfg = Debug|Any CPU
		{0110F897-CDDA-4833-9FEB-78E323E737C1}.Debug|x86.Build.0 = Debug|Any CPU
		{0110F897-CDDA-4833-9FEB-78E323E737C1}.Release|Any CPU.ActiveCfg = Release|Any CPU
		{0110F897-CDDA-4833-9FEB-78E323E737C1}.Release|Any CPU.Build.0 = Release|Any CPU
		{0110F897-CDDA-4833-9FEB-78E323E737C1}.Release|ARM.ActiveCfg = Release|Any CPU
		{0110F897-CDDA-4833-9FEB-78E323E737C1}.Release|ARM.Build.0 = Release|Any CPU
		{0110F897-CDDA-4833-9FEB-78E323E737C1}.Release|iPhone.ActiveCfg = Release|Any CPU
		{0110F897-CDDA-4833-9FEB-78E323E737C1}.Release|iPhone.Build.0 = Release|Any CPU
		{0110F897-CDDA-4833-9FEB-78E323E737C1}.Release|iPhoneSimulator.ActiveCfg = Release|Any CPU
		{0110F897-CDDA-4833-9FEB-78E323E737C1}.Release|iPhoneSimulator.Build.0 = Release|Any CPU
		{0110F897-CDDA-4833-9FEB-78E323E737C1}.Release|x64.ActiveCfg = Release|Any CPU
		{0110F897-CDDA-4833-9FEB-78E323E737C1}.Release|x64.Build.0 = Release|Any CPU
		{0110F897-CDDA-4833-9FEB-78E323E737C1}.Release|x86.ActiveCfg = Release|Any CPU
		{0110F897-CDDA-4833-9FEB-78E323E737C1}.Release|x86.Build.0 = Release|Any CPU
		{B6DE6D69-9CA0-4AA6-9812-25C901E6CEC1}.Ad-Hoc|Any CPU.ActiveCfg = Debug|Any CPU
		{B6DE6D69-9CA0-4AA6-9812-25C901E6CEC1}.Ad-Hoc|Any CPU.Build.0 = Debug|Any CPU
		{B6DE6D69-9CA0-4AA6-9812-25C901E6CEC1}.Ad-Hoc|ARM.ActiveCfg = Debug|Any CPU
		{B6DE6D69-9CA0-4AA6-9812-25C901E6CEC1}.Ad-Hoc|ARM.Build.0 = Debug|Any CPU
		{B6DE6D69-9CA0-4AA6-9812-25C901E6CEC1}.Ad-Hoc|iPhone.ActiveCfg = Debug|Any CPU
		{B6DE6D69-9CA0-4AA6-9812-25C901E6CEC1}.Ad-Hoc|iPhone.Build.0 = Debug|Any CPU
		{B6DE6D69-9CA0-4AA6-9812-25C901E6CEC1}.Ad-Hoc|iPhoneSimulator.ActiveCfg = Debug|Any CPU
		{B6DE6D69-9CA0-4AA6-9812-25C901E6CEC1}.Ad-Hoc|iPhoneSimulator.Build.0 = Debug|Any CPU
		{B6DE6D69-9CA0-4AA6-9812-25C901E6CEC1}.Ad-Hoc|x64.ActiveCfg = Debug|Any CPU
		{B6DE6D69-9CA0-4AA6-9812-25C901E6CEC1}.Ad-Hoc|x64.Build.0 = Debug|Any CPU
		{B6DE6D69-9CA0-4AA6-9812-25C901E6CEC1}.Ad-Hoc|x86.ActiveCfg = Debug|Any CPU
		{B6DE6D69-9CA0-4AA6-9812-25C901E6CEC1}.Ad-Hoc|x86.Build.0 = Debug|Any CPU
		{B6DE6D69-9CA0-4AA6-9812-25C901E6CEC1}.AppStore|Any CPU.ActiveCfg = Debug|Any CPU
		{B6DE6D69-9CA0-4AA6-9812-25C901E6CEC1}.AppStore|Any CPU.Build.0 = Debug|Any CPU
		{B6DE6D69-9CA0-4AA6-9812-25C901E6CEC1}.AppStore|ARM.ActiveCfg = Debug|Any CPU
		{B6DE6D69-9CA0-4AA6-9812-25C901E6CEC1}.AppStore|ARM.Build.0 = Debug|Any CPU
		{B6DE6D69-9CA0-4AA6-9812-25C901E6CEC1}.AppStore|iPhone.ActiveCfg = Debug|Any CPU
		{B6DE6D69-9CA0-4AA6-9812-25C901E6CEC1}.AppStore|iPhone.Build.0 = Debug|Any CPU
		{B6DE6D69-9CA0-4AA6-9812-25C901E6CEC1}.AppStore|iPhoneSimulator.ActiveCfg = Debug|Any CPU
		{B6DE6D69-9CA0-4AA6-9812-25C901E6CEC1}.AppStore|iPhoneSimulator.Build.0 = Debug|Any CPU
		{B6DE6D69-9CA0-4AA6-9812-25C901E6CEC1}.AppStore|x64.ActiveCfg = Debug|Any CPU
		{B6DE6D69-9CA0-4AA6-9812-25C901E6CEC1}.AppStore|x64.Build.0 = Debug|Any CPU
		{B6DE6D69-9CA0-4AA6-9812-25C901E6CEC1}.AppStore|x86.ActiveCfg = Debug|Any CPU
		{B6DE6D69-9CA0-4AA6-9812-25C901E6CEC1}.AppStore|x86.Build.0 = Debug|Any CPU
		{B6DE6D69-9CA0-4AA6-9812-25C901E6CEC1}.Debug|Any CPU.ActiveCfg = Debug|Any CPU
		{B6DE6D69-9CA0-4AA6-9812-25C901E6CEC1}.Debug|Any CPU.Build.0 = Debug|Any CPU
		{B6DE6D69-9CA0-4AA6-9812-25C901E6CEC1}.Debug|ARM.ActiveCfg = Debug|Any CPU
		{B6DE6D69-9CA0-4AA6-9812-25C901E6CEC1}.Debug|ARM.Build.0 = Debug|Any CPU
		{B6DE6D69-9CA0-4AA6-9812-25C901E6CEC1}.Debug|iPhone.ActiveCfg = Debug|Any CPU
		{B6DE6D69-9CA0-4AA6-9812-25C901E6CEC1}.Debug|iPhone.Build.0 = Debug|Any CPU
		{B6DE6D69-9CA0-4AA6-9812-25C901E6CEC1}.Debug|iPhoneSimulator.ActiveCfg = Debug|Any CPU
		{B6DE6D69-9CA0-4AA6-9812-25C901E6CEC1}.Debug|iPhoneSimulator.Build.0 = Debug|Any CPU
		{B6DE6D69-9CA0-4AA6-9812-25C901E6CEC1}.Debug|x64.ActiveCfg = Debug|Any CPU
		{B6DE6D69-9CA0-4AA6-9812-25C901E6CEC1}.Debug|x64.Build.0 = Debug|Any CPU
		{B6DE6D69-9CA0-4AA6-9812-25C901E6CEC1}.Debug|x86.ActiveCfg = Debug|Any CPU
		{B6DE6D69-9CA0-4AA6-9812-25C901E6CEC1}.Debug|x86.Build.0 = Debug|Any CPU
		{B6DE6D69-9CA0-4AA6-9812-25C901E6CEC1}.Release|Any CPU.ActiveCfg = Release|Any CPU
		{B6DE6D69-9CA0-4AA6-9812-25C901E6CEC1}.Release|Any CPU.Build.0 = Release|Any CPU
		{B6DE6D69-9CA0-4AA6-9812-25C901E6CEC1}.Release|ARM.ActiveCfg = Release|Any CPU
		{B6DE6D69-9CA0-4AA6-9812-25C901E6CEC1}.Release|ARM.Build.0 = Release|Any CPU
		{B6DE6D69-9CA0-4AA6-9812-25C901E6CEC1}.Release|iPhone.ActiveCfg = Release|Any CPU
		{B6DE6D69-9CA0-4AA6-9812-25C901E6CEC1}.Release|iPhone.Build.0 = Release|Any CPU
		{B6DE6D69-9CA0-4AA6-9812-25C901E6CEC1}.Release|iPhoneSimulator.ActiveCfg = Release|Any CPU
		{B6DE6D69-9CA0-4AA6-9812-25C901E6CEC1}.Release|iPhoneSimulator.Build.0 = Release|Any CPU
		{B6DE6D69-9CA0-4AA6-9812-25C901E6CEC1}.Release|x64.ActiveCfg = Release|Any CPU
		{B6DE6D69-9CA0-4AA6-9812-25C901E6CEC1}.Release|x64.Build.0 = Release|Any CPU
		{B6DE6D69-9CA0-4AA6-9812-25C901E6CEC1}.Release|x86.ActiveCfg = Release|Any CPU
		{B6DE6D69-9CA0-4AA6-9812-25C901E6CEC1}.Release|x86.Build.0 = Release|Any CPU
	EndGlobalSection
	GlobalSection(SolutionProperties) = preSolution
		HideSolutionNode = FALSE
	EndGlobalSection
	GlobalSection(NestedProjects) = preSolution
		{91CF7717-08AB-4E65-B10E-0B426F01E2E8} = {932D8224-11F6-4D07-B109-DA28AD288A63}
		{0BD0DB92-2D98-44D9-9AC0-C59186D59B0B} = {91CF7717-08AB-4E65-B10E-0B426F01E2E8}
		{F5598DCB-6DDE-4661-AD9D-A55612DA7E76} = {0BD0DB92-2D98-44D9-9AC0-C59186D59B0B}
		{95F1F07C-4D92-4742-BD07-E5B805AAB651} = {0BD0DB92-2D98-44D9-9AC0-C59186D59B0B}
		{6610FE51-5D16-429C-ACB9-49B3A1277EBD} = {0BD0DB92-2D98-44D9-9AC0-C59186D59B0B}
		{E3091515-B506-4D3A-A350-17A8D1A9B77B} = {91CF7717-08AB-4E65-B10E-0B426F01E2E8}
		{0110F897-CDDA-4833-9FEB-78E323E737C1} = {0BD0DB92-2D98-44D9-9AC0-C59186D59B0B}
		{B6DE6D69-9CA0-4AA6-9812-25C901E6CEC1} = {0BD0DB92-2D98-44D9-9AC0-C59186D59B0B}
	EndGlobalSection
	GlobalSection(ExtensibilityGlobals) = postSolution
		SolutionGuid = {25728519-5F0F-4973-8A64-0A81EB4EA8D9}
	EndGlobalSection
EndGlobal
