
Microsoft Visual Studio Solution File, Format Version 12.00
# Visual Studio Version 16
VisualStudioVersion = 16.0.30804.86
MinimumVisualStudioVersion = 10.0.40219.1
Project("{00D1A9C2-B5F0-4AF3-8072-F6C62B433612}") = "Ordering.DataBase", "Ordering.DataBase\Ordering.DataBase.sqlproj", "{4CE4C59F-92FC-4847-ADA6-52F3655B4F48}"
EndProject
Global
	GlobalSection(SolutionConfigurationPlatforms) = preSolution
		Debug|Any CPU = Debug|Any CPU
		Release|Any CPU = Release|Any CPU
	EndGlobalSection
	GlobalSection(ProjectConfigurationPlatforms) = postSolution
		{4CE4C59F-92FC-4847-ADA6-52F3655B4F48}.Debug|Any CPU.ActiveCfg = Debug|Any CPU
		{4CE4C59F-92FC-4847-ADA6-52F3655B4F48}.Debug|Any CPU.Build.0 = Debug|Any CPU
		{4CE4C59F-92FC-4847-ADA6-52F3655B4F48}.Debug|Any CPU.Deploy.0 = Debug|Any CPU
		{4CE4C59F-92FC-4847-ADA6-52F3655B4F48}.Release|Any CPU.ActiveCfg = Release|Any CPU
		{4CE4C59F-92FC-4847-ADA6-52F3655B4F48}.Release|Any CPU.Build.0 = Release|Any CPU
		{4CE4C59F-92FC-4847-ADA6-52F3655B4F48}.Release|Any CPU.Deploy.0 = Release|Any CPU
	EndGlobalSection
	GlobalSection(SolutionProperties) = preSolution
		HideSolutionNode = FALSE
	EndGlobalSection
	GlobalSection(ExtensibilityGlobals) = postSolution
		SolutionGuid = {1D850534-F7CD-4741-B15B-7ADAD6BCC2ED}
	EndGlobalSection
EndGlobal
